
Microsoft Visual Studio Solution File, Format Version 12.00
# Visual Studio 15
VisualStudioVersion = 15.0.27130.2010
MinimumVisualStudioVersion = 10.0.40219.1
Project("{9A19103F-16F7-4668-BE54-9A1E7A4F7556}") = "EShop", "EShop\EShop.csproj", "{2C9FC0E0-06FF-4E6E-A35C-C05FC854EF77}"
EndProject
Project("{9A19103F-16F7-4668-BE54-9A1E7A4F7556}") = "EShop.Test", "EShop.Test\EShop.Test.csproj", "{89BD53C1-9141-468E-B87D-BC8683452F70}"
EndProject
Project("{9A19103F-16F7-4668-BE54-9A1E7A4F7556}") = "EShop.Infrastructure", "EShop.Infrastructure\EShop.Infrastructure.csproj", "{606C2B76-D5D1-43A4-B785-5AA3905E16D8}"
EndProject
Project("{9A19103F-16F7-4668-BE54-9A1E7A4F7556}") = "EShop.Core", "EShop.Core\EShop.Core.csproj", "{6504B6C6-A4AE-4893-A743-51215EFFE983}"
EndProject
Project("{FAE04EC0-301F-11D3-BF4B-00C04F79EFBC}") = "EShop.Data", "EShop.Data\EShop.Data.csproj", "{4B53DB39-BD0A-4BE5-BF62-14794E8821F2}"
EndProject
Global
	GlobalSection(SolutionConfigurationPlatforms) = preSolution
		Debug|Any CPU = Debug|Any CPU
		Release|Any CPU = Release|Any CPU
	EndGlobalSection
	GlobalSection(ProjectConfigurationPlatforms) = postSolution
		{2C9FC0E0-06FF-4E6E-A35C-C05FC854EF77}.Debug|Any CPU.ActiveCfg = Debug|Any CPU
		{2C9FC0E0-06FF-4E6E-A35C-C05FC854EF77}.Debug|Any CPU.Build.0 = Debug|Any CPU
		{2C9FC0E0-06FF-4E6E-A35C-C05FC854EF77}.Release|Any CPU.ActiveCfg = Release|Any CPU
		{2C9FC0E0-06FF-4E6E-A35C-C05FC854EF77}.Release|Any CPU.Build.0 = Release|Any CPU
		{89BD53C1-9141-468E-B87D-BC8683452F70}.Debug|Any CPU.ActiveCfg = Debug|Any CPU
		{89BD53C1-9141-468E-B87D-BC8683452F70}.Debug|Any CPU.Build.0 = Debug|Any CPU
		{89BD53C1-9141-468E-B87D-BC8683452F70}.Release|Any CPU.ActiveCfg = Release|Any CPU
		{89BD53C1-9141-468E-B87D-BC8683452F70}.Release|Any CPU.Build.0 = Release|Any CPU
		{606C2B76-D5D1-43A4-B785-5AA3905E16D8}.Debug|Any CPU.ActiveCfg = Debug|Any CPU
		{606C2B76-D5D1-43A4-B785-5AA3905E16D8}.Debug|Any CPU.Build.0 = Debug|Any CPU
		{606C2B76-D5D1-43A4-B785-5AA3905E16D8}.Release|Any CPU.ActiveCfg = Release|Any CPU
		{606C2B76-D5D1-43A4-B785-5AA3905E16D8}.Release|Any CPU.Build.0 = Release|Any CPU
		{6504B6C6-A4AE-4893-A743-51215EFFE983}.Debug|Any CPU.ActiveCfg = Debug|Any CPU
		{6504B6C6-A4AE-4893-A743-51215EFFE983}.Debug|Any CPU.Build.0 = Debug|Any CPU
		{6504B6C6-A4AE-4893-A743-51215EFFE983}.Release|Any CPU.ActiveCfg = Release|Any CPU
		{6504B6C6-A4AE-4893-A743-51215EFFE983}.Release|Any CPU.Build.0 = Release|Any CPU
		{4B53DB39-BD0A-4BE5-BF62-14794E8821F2}.Debug|Any CPU.ActiveCfg = Debug|Any CPU
		{4B53DB39-BD0A-4BE5-BF62-14794E8821F2}.Debug|Any CPU.Build.0 = Debug|Any CPU
		{4B53DB39-BD0A-4BE5-BF62-14794E8821F2}.Release|Any CPU.ActiveCfg = Release|Any CPU
		{4B53DB39-BD0A-4BE5-BF62-14794E8821F2}.Release|Any CPU.Build.0 = Release|Any CPU
	EndGlobalSection
	GlobalSection(SolutionProperties) = preSolution
		HideSolutionNode = FALSE
	EndGlobalSection
	GlobalSection(ExtensibilityGlobals) = postSolution
		SolutionGuid = {034684DC-9546-4896-9072-F8974E2F3493}
	EndGlobalSection
EndGlobal
