
Microsoft Visual Studio Solution File, Format Version 12.00
# Visual Studio 15
VisualStudioVersion = 15.0.27130.2027
MinimumVisualStudioVersion = 10.0.40219.1
Project("{9A19103F-16F7-4668-BE54-9A1E7A4F7556}") = "EShop", "EShop\EShop.csproj", "{2C9FC0E0-06FF-4E6E-A35C-C05FC854EF77}"
EndProject
Project("{9A19103F-16F7-4668-BE54-9A1E7A4F7556}") = "EShop.Test", "EShop.Test\EShop.Test.csproj", "{89BD53C1-9141-468E-B87D-BC8683452F70}"
EndProject
Project("{9A19103F-16F7-4668-BE54-9A1E7A4F7556}") = "EShop.Infrastructure", "EShop.Infrastructure\EShop.Infrastructure.csproj", "{606C2B76-D5D1-43A4-B785-5AA3905E16D8}"
EndProject
Project("{9A19103F-16F7-4668-BE54-9A1E7A4F7556}") = "Eshop.Data", "Eshop.Data\Eshop.Data.csproj", "{35602578-B853-4530-8293-1F843E0FA44E}"
EndProject
Project("{9A19103F-16F7-4668-BE54-9A1E7A4F7556}") = "EShop.Core", "EShop.Core\EShop.Core.csproj", "{19FBE5F3-C406-40A4-88D8-F4321CF82837}"
EndProject
Project("{9A19103F-16F7-4668-BE54-9A1E7A4F7556}") = "EShop.Frontend", "EShop.Frontend\EShop.Frontend.csproj", "{9AB331DD-BDDA-4CC7-9C74-5CE465AB50D3}"
EndProject
Global
	GlobalSection(SolutionConfigurationPlatforms) = preSolution
		Debug|Any CPU = Debug|Any CPU
		Release|Any CPU = Release|Any CPU
	EndGlobalSection
	GlobalSection(ProjectConfigurationPlatforms) = postSolution
		{2C9FC0E0-06FF-4E6E-A35C-C05FC854EF77}.Debug|Any CPU.ActiveCfg = Debug|Any CPU
		{2C9FC0E0-06FF-4E6E-A35C-C05FC854EF77}.Debug|Any CPU.Build.0 = Debug|Any CPU
		{2C9FC0E0-06FF-4E6E-A35C-C05FC854EF77}.Release|Any CPU.ActiveCfg = Release|Any CPU
		{2C9FC0E0-06FF-4E6E-A35C-C05FC854EF77}.Release|Any CPU.Build.0 = Release|Any CPU
		{89BD53C1-9141-468E-B87D-BC8683452F70}.Debug|Any CPU.ActiveCfg = Debug|Any CPU
		{89BD53C1-9141-468E-B87D-BC8683452F70}.Debug|Any CPU.Build.0 = Debug|Any CPU
		{89BD53C1-9141-468E-B87D-BC8683452F70}.Release|Any CPU.ActiveCfg = Release|Any CPU
		{89BD53C1-9141-468E-B87D-BC8683452F70}.Release|Any CPU.Build.0 = Release|Any CPU
		{606C2B76-D5D1-43A4-B785-5AA3905E16D8}.Debug|Any CPU.ActiveCfg = Debug|Any CPU
		{606C2B76-D5D1-43A4-B785-5AA3905E16D8}.Debug|Any CPU.Build.0 = Debug|Any CPU
		{606C2B76-D5D1-43A4-B785-5AA3905E16D8}.Release|Any CPU.ActiveCfg = Release|Any CPU
		{606C2B76-D5D1-43A4-B785-5AA3905E16D8}.Release|Any CPU.Build.0 = Release|Any CPU
		{35602578-B853-4530-8293-1F843E0FA44E}.Debug|Any CPU.ActiveCfg = Debug|Any CPU
		{35602578-B853-4530-8293-1F843E0FA44E}.Debug|Any CPU.Build.0 = Debug|Any CPU
		{35602578-B853-4530-8293-1F843E0FA44E}.Release|Any CPU.ActiveCfg = Release|Any CPU
		{35602578-B853-4530-8293-1F843E0FA44E}.Release|Any CPU.Build.0 = Release|Any CPU
		{19FBE5F3-C406-40A4-88D8-F4321CF82837}.Debug|Any CPU.ActiveCfg = Debug|Any CPU
		{19FBE5F3-C406-40A4-88D8-F4321CF82837}.Debug|Any CPU.Build.0 = Debug|Any CPU
		{19FBE5F3-C406-40A4-88D8-F4321CF82837}.Release|Any CPU.ActiveCfg = Release|Any CPU
		{19FBE5F3-C406-40A4-88D8-F4321CF82837}.Release|Any CPU.Build.0 = Release|Any CPU
		{9AB331DD-BDDA-4CC7-9C74-5CE465AB50D3}.Debug|Any CPU.ActiveCfg = Debug|Any CPU
		{9AB331DD-BDDA-4CC7-9C74-5CE465AB50D3}.Debug|Any CPU.Build.0 = Debug|Any CPU
		{9AB331DD-BDDA-4CC7-9C74-5CE465AB50D3}.Release|Any CPU.ActiveCfg = Release|Any CPU
		{9AB331DD-BDDA-4CC7-9C74-5CE465AB50D3}.Release|Any CPU.Build.0 = Release|Any CPU
	EndGlobalSection
	GlobalSection(SolutionProperties) = preSolution
		HideSolutionNode = FALSE
	EndGlobalSection
	GlobalSection(ExtensibilityGlobals) = postSolution
		SolutionGuid = {034684DC-9546-4896-9072-F8974E2F3493}
	EndGlobalSection
EndGlobal
